
Microsoft Visual Studio Solution File, Format Version 12.00
# Visual Studio Version 17
VisualStudioVersion = 17.2.32526.322
MinimumVisualStudioVersion = 10.0.40219.1
Project("{FAE04EC0-301F-11D3-BF4B-00C04F79EFBC}") = "ExercicioWorkerService.Servico", "ExercicioWorkerService.Servico\ExercicioWorkerService.Servico.csproj", "{D33B97A9-5665-4370-9F95-922519FD50A0}"
EndProject
Project("{FAE04EC0-301F-11D3-BF4B-00C04F79EFBC}") = "ExercicioWorkerService.API", "ExercicioWorkerService.API\ExercicioWorkerService.API.csproj", "{1FD7989C-2EE9-4C43-A5FA-97BD4AEEF8EF}"
EndProject
Project("{FAE04EC0-301F-11D3-BF4B-00C04F79EFBC}") = "ExercicioWorkerService.Infra", "ExercicioWorkerService.Infra\ExercicioWorkerService.Infra.csproj", "{ABC29DC2-4E9F-4A66-B8C1-4B079731BDB1}"
EndProject
Project("{FAE04EC0-301F-11D3-BF4B-00C04F79EFBC}") = "ExercicioWorkerService.Negocio", "ExercicioWorkerService.Negocio\ExercicioWorkerService.Negocio.csproj", "{AAF66E50-C369-4BF9-BCE5-CDD44AE8147F}"
EndProject
Project("{FAE04EC0-301F-11D3-BF4B-00C04F79EFBC}") = "ExercicioWorkerService.Modelo", "ExercicioWorkerService.Modelo\ExercicioWorkerService.Modelo.csproj", "{62BD9D87-7A22-4F1B-98C7-1D274ED493FF}"
EndProject
Global
	GlobalSection(SolutionConfigurationPlatforms) = preSolution
		Debug|Any CPU = Debug|Any CPU
		Release|Any CPU = Release|Any CPU
	EndGlobalSection
	GlobalSection(ProjectConfigurationPlatforms) = postSolution
		{D33B97A9-5665-4370-9F95-922519FD50A0}.Debug|Any CPU.ActiveCfg = Debug|Any CPU
		{D33B97A9-5665-4370-9F95-922519FD50A0}.Debug|Any CPU.Build.0 = Debug|Any CPU
		{D33B97A9-5665-4370-9F95-922519FD50A0}.Release|Any CPU.ActiveCfg = Release|Any CPU
		{D33B97A9-5665-4370-9F95-922519FD50A0}.Release|Any CPU.Build.0 = Release|Any CPU
		{1FD7989C-2EE9-4C43-A5FA-97BD4AEEF8EF}.Debug|Any CPU.ActiveCfg = Debug|Any CPU
		{1FD7989C-2EE9-4C43-A5FA-97BD4AEEF8EF}.Debug|Any CPU.Build.0 = Debug|Any CPU
		{1FD7989C-2EE9-4C43-A5FA-97BD4AEEF8EF}.Release|Any CPU.ActiveCfg = Release|Any CPU
		{1FD7989C-2EE9-4C43-A5FA-97BD4AEEF8EF}.Release|Any CPU.Build.0 = Release|Any CPU
		{ABC29DC2-4E9F-4A66-B8C1-4B079731BDB1}.Debug|Any CPU.ActiveCfg = Debug|Any CPU
		{ABC29DC2-4E9F-4A66-B8C1-4B079731BDB1}.Debug|Any CPU.Build.0 = Debug|Any CPU
		{ABC29DC2-4E9F-4A66-B8C1-4B079731BDB1}.Release|Any CPU.ActiveCfg = Release|Any CPU
		{ABC29DC2-4E9F-4A66-B8C1-4B079731BDB1}.Release|Any CPU.Build.0 = Release|Any CPU
		{AAF66E50-C369-4BF9-BCE5-CDD44AE8147F}.Debug|Any CPU.ActiveCfg = Debug|Any CPU
		{AAF66E50-C369-4BF9-BCE5-CDD44AE8147F}.Debug|Any CPU.Build.0 = Debug|Any CPU
		{AAF66E50-C369-4BF9-BCE5-CDD44AE8147F}.Release|Any CPU.ActiveCfg = Release|Any CPU
		{AAF66E50-C369-4BF9-BCE5-CDD44AE8147F}.Release|Any CPU.Build.0 = Release|Any CPU
		{62BD9D87-7A22-4F1B-98C7-1D274ED493FF}.Debug|Any CPU.ActiveCfg = Debug|Any CPU
		{62BD9D87-7A22-4F1B-98C7-1D274ED493FF}.Debug|Any CPU.Build.0 = Debug|Any CPU
		{62BD9D87-7A22-4F1B-98C7-1D274ED493FF}.Release|Any CPU.ActiveCfg = Release|Any CPU
		{62BD9D87-7A22-4F1B-98C7-1D274ED493FF}.Release|Any CPU.Build.0 = Release|Any CPU
	EndGlobalSection
	GlobalSection(SolutionProperties) = preSolution
		HideSolutionNode = FALSE
	EndGlobalSection
	GlobalSection(ExtensibilityGlobals) = postSolution
		SolutionGuid = {D243CEA6-C0CF-46BC-836D-F7FFAF393467}
	EndGlobalSection
EndGlobal
